# THIS IS AN AUTOGENERATED FILE. DO NOT EDIT THIS FILE DIRECTLY.
# yarn lockfile v1


"promise-polyfill@^6.0.2":
  "integrity" "sha1-36lpQ+qcEh/KTem1hoyznTRy4Fc="
  "resolved" "https://registry.npm.taobao.org/promise-polyfill/download/promise-polyfill-6.1.0.tgz"
  "version" "6.1.0"

"regenerator-runtime@^0.10.3":
  "integrity" "sha1-M2w+/BIgrc7dosn6tntaeVWjNlg="
  "resolved" "http://registry.npm.taobao.org/regenerator-runtime/download/regenerator-runtime-0.10.5.tgz"
  "version" "0.10.5"

"wepy-async-function@^1.4.4":
  "integrity" "sha1-94MWQwbhddmnwmVqM1MuYZyOrhY="
  "resolved" "https://registry.npm.taobao.org/wepy-async-function/download/wepy-async-function-1.4.7.tgz"
  "version" "1.4.7"
  dependencies:
    "promise-polyfill" "^6.0.2"
    "regenerator-runtime" "^0.10.3"

"wepy-com-toast@^1.0.2":
  "integrity" "sha1-b0nNZxkr2t7axfjDb5kL3cLxB/k="
  "resolved" "https://registry.npm.taobao.org/wepy-com-toast/download/wepy-com-toast-1.0.2.tgz"
  "version" "1.0.2"

"wepy@^1.7.1":
  "integrity" "sha1-Z5BSQB8rH0gYZEvET4i3KXVJGmQ="
  "resolved" "https://registry.npm.taobao.org/wepy/download/wepy-1.7.2.tgz"
  "version" "1.7.2"
